
Microsoft Visual Studio Solution File, Format Version 12.00
# Visual Studio 15
VisualStudioVersion = 15.0.26730.3
MinimumVisualStudioVersion = 10.0.40219.1
Project("{FAE04EC0-301F-11D3-BF4B-00C04F79EFBC}") = "ChangeFontToDecimal", "ChangeFontToDecimal\ChangeFontToDecimal.csproj", "{2D68F69B-C1A8-4B61-8AAD-7545222B35D2}"
EndProject
Global
	GlobalSection(SolutionConfigurationPlatforms) = preSolution
		Debug|Any CPU = Debug|Any CPU
		Release|Any CPU = Release|Any CPU
	EndGlobalSection
	GlobalSection(ProjectConfigurationPlatforms) = postSolution
		{2D68F69B-C1A8-4B61-8AAD-7545222B35D2}.Debug|Any CPU.ActiveCfg = Debug|Any CPU
		{2D68F69B-C1A8-4B61-8AAD-7545222B35D2}.Debug|Any CPU.Build.0 = Debug|Any CPU
		{2D68F69B-C1A8-4B61-8AAD-7545222B35D2}.Release|Any CPU.ActiveCfg = Release|Any CPU
		{2D68F69B-C1A8-4B61-8AAD-7545222B35D2}.Release|Any CPU.Build.0 = Release|Any CPU
	EndGlobalSection
	GlobalSection(SolutionProperties) = preSolution
		HideSolutionNode = FALSE
	EndGlobalSection
	GlobalSection(ExtensibilityGlobals) = postSolution
		SolutionGuid = {EB18A0B1-DA03-4337-8DA7-5AE25FF52DBE}
	EndGlobalSection
EndGlobal
